
Microsoft Visual Studio Solution File, Format Version 12.00
# Visual Studio Version 17
VisualStudioVersion = 17.4.33122.133
MinimumVisualStudioVersion = 10.0.40219.1
Project("{9A19103F-16F7-4668-BE54-9A1E7A4F7556}") = "Sandbox.RabbitMQ.Application", "Sandbox.RabbitMQ.Application\Sandbox.RabbitMQ.Application.csproj", "{DBCE28CD-61A8-4D8B-AC71-5ABF45DB94CD}"
EndProject
Project("{9A19103F-16F7-4668-BE54-9A1E7A4F7556}") = "Sandbox.RabbitMQ.Consumer", "Sandbox.RabbitMQ.Consumer\Sandbox.RabbitMQ.Consumer.csproj", "{048DCE30-B5FE-41A2-A10C-CBB6BCFB9407}"
EndProject
Project("{9A19103F-16F7-4668-BE54-9A1E7A4F7556}") = "Sandbox.RabbitMQ.Contracts", "Sandbox.RabbitMQ.Contracts\Sandbox.RabbitMQ.Contracts.csproj", "{9E9071C8-7A26-4D0C-879D-CD924F8B034A}"
EndProject
Project("{9A19103F-16F7-4668-BE54-9A1E7A4F7556}") = "Sandbox.RabbitMQ.Publisher", "Sandbox.RabbitMQ.Publisher\Sandbox.RabbitMQ.Publisher.csproj", "{0738E3B9-B6F1-454B-AA16-3358C04CB57A}"
EndProject
Global
	GlobalSection(SolutionConfigurationPlatforms) = preSolution
		Debug|Any CPU = Debug|Any CPU
		Release|Any CPU = Release|Any CPU
	EndGlobalSection
	GlobalSection(ProjectConfigurationPlatforms) = postSolution
		{DBCE28CD-61A8-4D8B-AC71-5ABF45DB94CD}.Debug|Any CPU.ActiveCfg = Debug|Any CPU
		{DBCE28CD-61A8-4D8B-AC71-5ABF45DB94CD}.Debug|Any CPU.Build.0 = Debug|Any CPU
		{DBCE28CD-61A8-4D8B-AC71-5ABF45DB94CD}.Release|Any CPU.ActiveCfg = Release|Any CPU
		{DBCE28CD-61A8-4D8B-AC71-5ABF45DB94CD}.Release|Any CPU.Build.0 = Release|Any CPU
		{048DCE30-B5FE-41A2-A10C-CBB6BCFB9407}.Debug|Any CPU.ActiveCfg = Debug|Any CPU
		{048DCE30-B5FE-41A2-A10C-CBB6BCFB9407}.Debug|Any CPU.Build.0 = Debug|Any CPU
		{048DCE30-B5FE-41A2-A10C-CBB6BCFB9407}.Release|Any CPU.ActiveCfg = Release|Any CPU
		{048DCE30-B5FE-41A2-A10C-CBB6BCFB9407}.Release|Any CPU.Build.0 = Release|Any CPU
		{9E9071C8-7A26-4D0C-879D-CD924F8B034A}.Debug|Any CPU.ActiveCfg = Debug|Any CPU
		{9E9071C8-7A26-4D0C-879D-CD924F8B034A}.Debug|Any CPU.Build.0 = Debug|Any CPU
		{9E9071C8-7A26-4D0C-879D-CD924F8B034A}.Release|Any CPU.ActiveCfg = Release|Any CPU
		{9E9071C8-7A26-4D0C-879D-CD924F8B034A}.Release|Any CPU.Build.0 = Release|Any CPU
		{0738E3B9-B6F1-454B-AA16-3358C04CB57A}.Debug|Any CPU.ActiveCfg = Debug|Any CPU
		{0738E3B9-B6F1-454B-AA16-3358C04CB57A}.Debug|Any CPU.Build.0 = Debug|Any CPU
		{0738E3B9-B6F1-454B-AA16-3358C04CB57A}.Release|Any CPU.ActiveCfg = Release|Any CPU
		{0738E3B9-B6F1-454B-AA16-3358C04CB57A}.Release|Any CPU.Build.0 = Release|Any CPU
	EndGlobalSection
	GlobalSection(SolutionProperties) = preSolution
		HideSolutionNode = FALSE
	EndGlobalSection
	GlobalSection(ExtensibilityGlobals) = postSolution
		SolutionGuid = {75A1383C-F9C9-4817-B8CA-04D71826307E}
	EndGlobalSection
EndGlobal
