
Microsoft Visual Studio Solution File, Format Version 12.00
# Visual Studio Version 17
VisualStudioVersion = 17.4.33122.133
MinimumVisualStudioVersion = 10.0.40219.1
Project("{FAE04EC0-301F-11D3-BF4B-00C04F79EFBC}") = "Sandbox.RabbitMQ", "Sandbox.RabbitMQ.csproj", "{C8D73691-7CF2-40D6-92EC-563414A2A586}"
EndProject
Global
	GlobalSection(SolutionConfigurationPlatforms) = preSolution
		Debug|Any CPU = Debug|Any CPU
		Release|Any CPU = Release|Any CPU
	EndGlobalSection
	GlobalSection(ProjectConfigurationPlatforms) = postSolution
		{C8D73691-7CF2-40D6-92EC-563414A2A586}.Debug|Any CPU.ActiveCfg = Debug|Any CPU
		{C8D73691-7CF2-40D6-92EC-563414A2A586}.Debug|Any CPU.Build.0 = Debug|Any CPU
		{C8D73691-7CF2-40D6-92EC-563414A2A586}.Release|Any CPU.ActiveCfg = Release|Any CPU
		{C8D73691-7CF2-40D6-92EC-563414A2A586}.Release|Any CPU.Build.0 = Release|Any CPU
	EndGlobalSection
	GlobalSection(SolutionProperties) = preSolution
		HideSolutionNode = FALSE
	EndGlobalSection
	GlobalSection(ExtensibilityGlobals) = postSolution
		SolutionGuid = {75A1383C-F9C9-4817-B8CA-04D71826307E}
	EndGlobalSection
EndGlobal
